
Microsoft Visual Studio Solution File, Format Version 12.00
# Visual Studio 15
VisualStudioVersion = 15.0.27130.2027
MinimumVisualStudioVersion = 10.0.40219.1
Project("{FAE04EC0-301F-11D3-BF4B-00C04F79EFBC}") = "SphericalVoxel", "SphericalVoxel.csproj", "{F5DA2090-F22D-42B7-9244-3B5E92283820}"
EndProject
Global
	GlobalSection(SolutionConfigurationPlatforms) = preSolution
		Debug|x64 = Debug|x64
		Debug|x86 = Debug|x86
		Release|x64 = Release|x64
		Release|x86 = Release|x86
	EndGlobalSection
	GlobalSection(ProjectConfigurationPlatforms) = postSolution
		{F5DA2090-F22D-42B7-9244-3B5E92283820}.Debug|x64.ActiveCfg = Debug|x64
		{F5DA2090-F22D-42B7-9244-3B5E92283820}.Debug|x64.Build.0 = Debug|x64
		{F5DA2090-F22D-42B7-9244-3B5E92283820}.Debug|x86.ActiveCfg = Debug|x86
		{F5DA2090-F22D-42B7-9244-3B5E92283820}.Debug|x86.Build.0 = Debug|x86
		{F5DA2090-F22D-42B7-9244-3B5E92283820}.Release|x64.ActiveCfg = Release|x64
		{F5DA2090-F22D-42B7-9244-3B5E92283820}.Release|x64.Build.0 = Release|x64
		{F5DA2090-F22D-42B7-9244-3B5E92283820}.Release|x86.ActiveCfg = Release|x86
		{F5DA2090-F22D-42B7-9244-3B5E92283820}.Release|x86.Build.0 = Release|x86
	EndGlobalSection
	GlobalSection(SolutionProperties) = preSolution
		HideSolutionNode = FALSE
	EndGlobalSection
	GlobalSection(ExtensibilityGlobals) = postSolution
		SolutionGuid = {C02DE086-0A8C-4BBF-818F-E1353C8365EC}
	EndGlobalSection
EndGlobal
